// !$*UTF8*$!
{
	archiveVersion = 1;
	classes = {
	};
	objectVersion = 46;
	objects = {

/* Begin PBXBuildFile section */
		04C3E0651B0B3531008C4920 /* AppDelegate.swift in Sources */ = {isa = PBXBuildFile; fileRef = 04C3E0641B0B3531008C4920 /* AppDelegate.swift */; };
		04C3E0671B0B3531008C4920 /* ViewController.swift in Sources */ = {isa = PBXBuildFile; fileRef = 04C3E0661B0B3531008C4920 /* ViewController.swift */; };
		04C3E06A1B0B3531008C4920 /* Main.storyboard in Resources */ = {isa = PBXBuildFile; fileRef = 04C3E0681B0B3531008C4920 /* Main.storyboard */; };
		04C3E06C1B0B3531008C4920 /* Images.xcassets in Resources */ = {isa = PBXBuildFile; fileRef = 04C3E06B1B0B3531008C4920 /* Images.xcassets */; };
		04C3E06F1B0B3531008C4920 /* LaunchScreen.xib in Resources */ = {isa = PBXBuildFile; fileRef = 04C3E06D1B0B3531008C4920 /* LaunchScreen.xib */; };
		04C3E07B1B0B3531008C4920 /* WatchDemoTests.swift in Sources */ = {isa = PBXBuildFile; fileRef = 04C3E07A1B0B3531008C4920 /* WatchDemoTests.swift */; };
/* End PBXBuildFile section */

/* Begin PBXContainerItemProxy section */
		04C3E0751B0B3531008C4920 /* PBXContainerItemProxy */ = {
			isa = PBXContainerItemProxy;
			containerPortal = 04C3E0571B0B3531008C4920 /* Project object */;
			proxyType = 1;
			remoteGlobalIDString = 04C3E05E1B0B3531008C4920;
			remoteInfo = WatchDemo;
		};
/* End PBXContainerItemProxy section */

/* Begin PBXFileReference section */
		04C3E05F1B0B3531008C4920 /* WatchDemo.app */ = {isa = PBXFileReference; explicitFileType = wrapper.application; includeInIndex = 0; path = WatchDemo.app; sourceTree = BUILT_PRODUCTS_DIR; };
		04C3E0631B0B3531008C4920 /* Info.plist */ = {isa = PBXFileReference; lastKnownFileType = text.plist.xml; path = Info.plist; sourceTree = "<group>"; };
		04C3E0641B0B3531008C4920 /* AppDelegate.swift */ = {isa = PBXFileReference; lastKnownFileType = sourcecode.swift; path = AppDelegate.swift; sourceTree = "<group>"; };
		04C3E0661B0B3531008C4920 /* ViewController.swift */ = {isa = PBXFileReference; lastKnownFileType = sourcecode.swift; path = ViewController.swift; sourceTree = "<group>"; };
		04C3E0691B0B3531008C4920 /* Base */ = {isa = PBXFileReference; lastKnownFileType = file.storyboard; name = Base; path = Base.lproj/Main.storyboard; sourceTree = "<group>"; };
		04C3E06B1B0B3531008C4920 /* Images.xcassets */ = {isa = PBXFileReference; lastKnownFileType = folder.assetcatalog; path = Images.xcassets; sourceTree = "<group>"; };
		04C3E06E1B0B3531008C4920 /* Base */ = {isa = PBXFileReference; lastKnownFileType = file.xib; name = Base; path = Base.lproj/LaunchScreen.xib; sourceTree = "<group>"; };
		04C3E0741B0B3531008C4920 /* WatchDemoTests.xctest */ = {isa = PBXFileReference; explicitFileType = wrapper.cfbundle; includeInIndex = 0; path = WatchDemoTests.xctest; sourceTree = BUILT_PRODUCTS_DIR; };
		04C3E0791B0B3531008C4920 /* Info.plist */ = {isa = PBXFileReference; lastKnownFileType = text.plist.xml; path = Info.plist; sourceTree = "<group>"; };
		04C3E07A1B0B3531008C4920 /* WatchDemoTests.swift */ = {isa = PBXFileReference; lastKnownFileType = sourcecode.swift; path = WatchDemoTests.swift; sourceTree = "<group>"; };
/* End PBXFileReference section */

/* Begin PBXFrameworksBuildPhase section */
		04C3E05C1B0B3531008C4920 /* Frameworks */ = {
			isa = PBXFrameworksBuildPhase;
			buildActionMask = 2147483647;
			files = (
			);
			runOnlyForDeploymentPostprocessing = 0;
		};
		04C3E0711B0B3531008C4920 /* Frameworks */ = {
			isa = PBXFrameworksBuildPhase;
			buildActionMask = 2147483647;
			files = (
			);
			runOnlyForDeploymentPostprocessing = 0;
		};
/* End PBXFrameworksBuildPhase section */

/* Begin PBXGroup section */
		04C3E0561B0B3531008C4920 = {
			isa = PBXGroup;
			children = (
				04C3E0611B0B3531008C4920 /* WatchDemo */,
				04C3E0771B0B3531008C4920 /* WatchDemoTests */,
				04C3E0601B0B3531008C4920 /* Products */,
			);
			sourceTree = "<group>";
		};
		04C3E0601B0B3531008C4920 /* Products */ = {
			isa = PBXGroup;
			children = (
				04C3E05F1B0B3531008C4920 /* WatchDemo.app */,
				04C3E0741B0B3531008C4920 /* WatchDemoTests.xctest */,
			);
			name = Products;
			sourceTree = "<group>";
		};
		04C3E0611B0B3531008C4920 /* WatchDemo */ = {
			isa = PBXGroup;
			children = (
				04C3E0641B0B3531008C4920 /* AppDelegate.swift */,
				04C3E0661B0B3531008C4920 /* ViewController.swift */,
				04C3E0681B0B3531008C4920 /* Main.storyboard */,
				04C3E06B1B0B3531008C4920 /* Images.xcassets */,
				04C3E06D1B0B3531008C4920 /* LaunchScreen.xib */,
				04C3E0621B0B3531008C4920 /* Supporting Files */,
			);
			path = WatchDemo;
			sourceTree = "<group>";
		};
		04C3E0621B0B3531008C4920 /* Supporting Files */ = {
			isa = PBXGroup;
			children = (
				04C3E0631B0B3531008C4920 /* Info.plist */,
			);
			name = "Supporting Files";
			sourceTree = "<group>";
		};
		04C3E0771B0B3531008C4920 /* WatchDemoTests */ = {
			isa = PBXGroup;
			children = (
				04C3E07A1B0B3531008C4920 /* WatchDemoTests.swift */,
				04C3E0781B0B3531008C4920 /* Supporting Files */,
			);
			path = WatchDemoTests;
			sourceTree = "<group>";
		};
		04C3E0781B0B3531008C4920 /* Supporting Files */ = {
			isa = PBXGroup;
			children = (
				04C3E0791B0B3531008C4920 /* Info.plist */,
			);
			name = "Supporting Files";
			sourceTree = "<group>";
		};
/* End PBXGroup section */

/* Begin PBXNativeTarget section */
		04C3E05E1B0B3531008C4920 /* WatchDemo */ = {
			isa = PBXNativeTarget;
			buildConfigurationList = 04C3E07E1B0B3531008C4920 /* Build configuration list for PBXNativeTarget "WatchDemo" */;
			buildPhases = (
				04C3E05B1B0B3531008C4920 /* Sources */,
				04C3E05C1B0B3531008C4920 /* Frameworks */,
				04C3E05D1B0B3531008C4920 /* Resources */,
			);
			buildRules = (
			);
			dependencies = (
			);
			name = WatchDemo;
			productName = WatchDemo;
			productReference = 04C3E05F1B0B3531008C4920 /* WatchDemo.app */;
			productType = "com.apple.product-type.application";
		};
		04C3E0731B0B3531008C4920 /* WatchDemoTests */ = {
			isa = PBXNativeTarget;
			buildConfigurationList = 04C3E0811B0B3531008C4920 /* Build configuration list for PBXNativeTarget "WatchDemoTests" */;
			buildPhases = (
				04C3E0701B0B3531008C4920 /* Sources */,
				04C3E0711B0B3531008C4920 /* Frameworks */,
				04C3E0721B0B3531008C4920 /* Resources */,
			);
			buildRules = (
			);
			dependencies = (
				04C3E0761B0B3531008C4920 /* PBXTargetDependency */,
			);
			name = WatchDemoTests;
			productName = WatchDemoTests;
			productReference = 04C3E0741B0B3531008C4920 /* WatchDemoTests.xctest */;
			productType = "com.apple.product-type.bundle.unit-test";
		};
/* End PBXNativeTarget section */

/* Begin PBXProject section */
		04C3E0571B0B3531008C4920 /* Project object */ = {
			isa = PBXProject;
			attributes = {
				LastUpgradeCheck = 0630;
				ORGANIZATIONNAME = ShellColr;
				TargetAttributes = {
					04C3E05E1B0B3531008C4920 = {
						CreatedOnToolsVersion = 6.3.1;
					};
					04C3E0731B0B3531008C4920 = {
						CreatedOnToolsVersion = 6.3.1;
						TestTargetID = 04C3E05E1B0B3531008C4920;
					};
				};
			};
			buildConfigurationList = 04C3E05A1B0B3531008C4920 /* Build configuration list for PBXProject "WatchDemo" */;
			compatibilityVersion = "Xcode 3.2";
			developmentRegion = English;
			hasScannedForEncodings = 0;
			knownRegions = (
				en,
				Base,
			);
			mainGroup = 04C3E0561B0B3531008C4920;
			productRefGroup = 04C3E0601B0B3531008C4920 /* Products */;
			projectDirPath = "";
			projectRoot = "";
			targets = (
				04C3E05E1B0B3531008C4920 /* WatchDemo */,
				04C3E0731B0B3531008C4920 /* WatchDemoTests */,
			);
		};
/* End PBXProject section */

/* Begin PBXResourcesBuildPhase section */
		04C3E05D1B0B3531008C4920 /* Resources */ = {
			isa = PBXResourcesBuildPhase;
			buildActionMask = 2147483647;
			files = (
				04C3E06A1B0B3531008C4920 /* Main.storyboard in Resources */,
				04C3E06F1B0B3531008C4920 /* LaunchScreen.xib in Resources */,
				04C3E06C1B0B3531008C4920 /* Images.xcassets in Resources */,
			);
			runOnlyForDeploymentPostprocessing = 0;
		};
		04C3E0721B0B3531008C4920 /* Resources */ = {
			isa = PBXResourcesBuildPhase;
			buildActionMask = 2147483647;
			files = (
			);
			runOnlyForDeploymentPostprocessing = 0;
		};
/* End PBXResourcesBuildPhase section */

/* Begin PBXSourcesBuildPhase section */
		04C3E05B1B0B3531008C4920 /* Sources */ = {
			isa = PBXSourcesBuildPhase;
			buildActionMask = 2147483647;
			files = (
				04C3E0671B0B3531008C4920 /* ViewController.swift in Sources */,
				04C3E0651B0B3531008C4920 /* AppDelegate.swift in Sources */,
			);
			runOnlyForDeploymentPostprocessing = 0;
		};
		04C3E0701B0B3531008C4920 /* Sources */ = {
			isa = PBXSourcesBuildPhase;
			buildActionMask = 2147483647;
			files = (
				04C3E07B1B0B3531008C4920 /* WatchDemoTests.swift in Sources */,
			);
			runOnlyForDeploymentPostprocessing = 0;
		};
/* End PBXSourcesBuildPhase section */

/* Begin PBXTargetDependency section */
		04C3E0761B0B3531008C4920 /* PBXTargetDependency */ = {
			isa = PBXTargetDependency;
			target = 04C3E05E1B0B3531008C4920 /* WatchDemo */;
			targetProxy = 04C3E0751B0B3531008C4920 /* PBXContainerItemProxy */;
		};
/* End PBXTargetDependency section */

/* Begin PBXVariantGroup section */
		04C3E0681B0B3531008C4920 /* Main.storyboard */ = {
			isa = PBXVariantGroup;
			children = (
				04C3E0691B0B3531008C4920 /* Base */,
			);
			name = Main.storyboard;
			sourceTree = "<group>";
		};
		04C3E06D1B0B3531008C4920 /* LaunchScreen.xib */ = {
			isa = PBXVariantGroup;
			children = (
				04C3E06E1B0B3531008C4920 /* Base */,
			);
			name = LaunchScreen.xib;
			sourceTree = "<group>";
		};
/* End PBXVariantGroup section */

/* Begin XCBuildConfiguration section */
		04C3E07C1B0B3531008C4920 /* Debug */ = {
			isa = XCBuildConfiguration;
			buildSettings = {
				ALWAYS_SEARCH_USER_PATHS = NO;
				CLANG_CXX_LANGUAGE_STANDARD = "gnu++0x";
				CLANG_CXX_LIBRARY = "libc++";
				CLANG_ENABLE_MODULES = YES;
				CLANG_ENABLE_OBJC_ARC = YES;
				CLANG_WARN_BOOL_CONVERSION = YES;
				CLANG_WARN_CONSTANT_CONVERSION = YES;
				CLANG_WARN_DIRECT_OBJC_ISA_USAGE = YES_ERROR;
				CLANG_WARN_EMPTY_BODY = YES;
				CLANG_WARN_ENUM_CONVERSION = YES;
				CLANG_WARN_INT_CONVERSION = YES;
				CLANG_WARN_OBJC_ROOT_CLASS = YES_ERROR;
				CLANG_WARN_UNREACHABLE_CODE = YES;
				CLANG_WARN__DUPLICATE_METHOD_MATCH = YES;
				"CODE_SIGN_IDENTITY[sdk=iphoneos*]" = "iPhone Developer";
				COPY_PHASE_STRIP = NO;
				DEBUG_INFORMATION_FORMAT = "dwarf-with-dsym";
				ENABLE_STRICT_OBJC_MSGSEND = YES;
				GCC_C_LANGUAGE_STANDARD = gnu99;
				GCC_DYNAMIC_NO_PIC = NO;
				GCC_NO_COMMON_BLOCKS = YES;
				GCC_OPTIMIZATION_LEVEL = 0;
				GCC_PREPROCESSOR_DEFINITIONS = (
					"DEBUG=1",
					"$(inherited)",
				);
				GCC_SYMBOLS_PRIVATE_EXTERN = NO;
				GCC_WARN_64_TO_32_BIT_CONVERSION = YES;
				GCC_WARN_ABOUT_RETURN_TYPE = YES_ERROR;
				GCC_WARN_UNDECLARED_SELECTOR = YES;
				GCC_WARN_UNINITIALIZED_AUTOS = YES_AGGRESSIVE;
				GCC_WARN_UNUSED_FUNCTION = YES;
				GCC_WARN_UNUSED_VARIABLE = YES;
				IPHONEOS_DEPLOYMENT_TARGET = 8.3;
				MTL_ENABLE_DEBUG_INFO = YES;
				ONLY_ACTIVE_ARCH = YES;
				SDKROOT = iphoneos;
				SWIFT_OPTIMIZATION_LEVEL = "-Onone";
			};
			name = Debug;
		};
		04C3E07D1B0B3531008C4920 /* Release */ = {
			isa = XCBuildConfiguration;
			buildSettings = {
				ALWAYS_SEARCH_USER_PATHS = NO;
				CLANG_CXX_LANGUAGE_STANDARD = "gnu++0x";
				CLANG_CXX_LIBRARY = "libc++";
				CLANG_ENABLE_MODULES = YES;
				CLANG_ENABLE_OBJC_ARC = YES;
				CLANG_WARN_BOOL_CONVERSION = YES;
				CLANG_WARN_CONSTANT_CONVERSION = YES;
				CLANG_WARN_DIRECT_OBJC_ISA_USAGE = YES_ERROR;
				CLANG_WARN_EMPTY_BODY = YES;
				CLANG_WARN_ENUM_CONVERSION = YES;
				CLANG_WARN_INT_CONVERSION = YES;
				CLANG_WARN_OBJC_ROOT_CLASS = YES_ERROR;
				CLANG_WARN_UNREACHABLE_CODE = YES;
				CLANG_WARN__DUPLICATE_METHOD_MATCH = YES;
				"CODE_SIGN_IDENTITY[sdk=iphoneos*]" = "iPhone Developer";
				COPY_PHASE_STRIP = NO;
				DEBUG_INFORMATION_FORMAT = "dwarf-with-dsym";
				ENABLE_NS_ASSERTIONS = NO;
				ENABLE_STRICT_OBJC_MSGSEND = YES;
				GCC_C_LANGUAGE_STANDARD = gnu99;
				GCC_NO_COMMON_BLOCKS = YES;
				GCC_WARN_64_TO_32_BIT_CONVERSION = YES;
				GCC_WARN_ABOUT_RETURN_TYPE = YES_ERROR;
				GCC_WARN_UNDECLARED_SELECTOR = YES;
				GCC_WARN_UNINITIALIZED_AUTOS = YES_AGGRESSIVE;
				GCC_WARN_UNUSED_FUNCTION = YES;
				GCC_WARN_UNUSED_VARIABLE = YES;
				IPHONEOS_DEPLOYMENT_TARGET = 8.3;
				MTL_ENABLE_DEBUG_INFO = NO;
				SDKROOT = iphoneos;
				VALIDATE_PRODUCT = YES;
			};
			name = Release;
		};
		04C3E07F1B0B3531008C4920 /* Debug */ = {
			isa = XCBuildConfiguration;
			buildSettings = {
				ASSETCATALOG_COMPILER_APPICON_NAME = AppIcon;
				INFOPLIST_FILE = WatchDemo/Info.plist;
				LD_RUNPATH_SEARCH_PATHS = "$(inherited) @executable_path/Frameworks";
				PRODUCT_NAME = "$(TARGET_NAME)";
			};
			name = Debug;
		};
		04C3E0801B0B3531008C4920 /* Release */ = {
			isa = XCBuildConfiguration;
			buildSettings = {
				ASSETCATALOG_COMPILER_APPICON_NAME = AppIcon;
				INFOPLIST_FILE = WatchDemo/Info.plist;
				LD_RUNPATH_SEARCH_PATHS = "$(inherited) @executable_path/Frameworks";
				PRODUCT_NAME = "$(TARGET_NAME)";
			};
			name = Release;
		};
		04C3E0821B0B3531008C4920 /* Debug */ = {
			isa = XCBuildConfiguration;
			buildSettings = {
				BUNDLE_LOADER = "$(TEST_HOST)";
				FRAMEWORK_SEARCH_PATHS = (
					"$(SDKROOT)/Developer/Library/Frameworks",
					"$(inherited)",
				);
				GCC_PREPROCESSOR_DEFINITIONS = (
					"DEBUG=1",
					"$(inherited)",
				);
				INFOPLIST_FILE = WatchDemoTests/Info.plist;
				LD_RUNPATH_SEARCH_PATHS = "$(inherited) @executable_path/Frameworks @loader_path/Frameworks";
				PRODUCT_NAME = "$(TARGET_NAME)";
				TEST_HOST = "$(BUILT_PRODUCTS_DIR)/WatchDemo.app/WatchDemo";
			};
			name = Debug;
		};
		04C3E0831B0B3531008C4920 /* Release */ = {
			isa = XCBuildConfiguration;
			buildSettings = {
				BUNDLE_LOADER = "$(TEST_HOST)";
				FRAMEWORK_SEARCH_PATHS = (
					"$(SDKROOT)/Developer/Library/Frameworks",
					"$(inherited)",
				);
				INFOPLIST_FILE = WatchDemoTests/Info.plist;
				LD_RUNPATH_SEARCH_PATHS = "$(inherited) @executable_path/Frameworks @loader_path/Frameworks";
				PRODUCT_NAME = "$(TARGET_NAME)";
				TEST_HOST = "$(BUILT_PRODUCTS_DIR)/WatchDemo.app/WatchDemo";
			};
			name = Release;
		};
/* End XCBuildConfiguration section */

/* Begin XCConfigurationList section */
		04C3E05A1B0B3531008C4920 /* Build configuration list for PBXProject "WatchDemo" */ = {
			isa = XCConfigurationList;
			buildConfigurations = (
				04C3E07C1B0B3531008C4920 /* Debug */,
				04C3E07D1B0B3531008C4920 /* Release */,
			);
			defaultConfigurationIsVisible = 0;
			defaultConfigurationName = Release;
		};
		04C3E07E1B0B3531008C4920 /* Build configuration list for PBXNativeTarget "WatchDemo" */ = {
			isa = XCConfigurationList;
			buildConfigurations = (
				04C3E07F1B0B3531008C4920 /* Debug */,
				04C3E0801B0B3531008C4920 /* Release */,
			);
			defaultConfigurationIsVisible = 0;
		};
		04C3E0811B0B3531008C4920 /* Build configuration list for PBXNativeTarget "WatchDemoTests" */ = {
			isa = XCConfigurationList;
			buildConfigurations = (
				04C3E0821B0B3531008C4920 /* Debug */,
				04C3E0831B0B3531008C4920 /* Release */,
			);
			defaultConfigurationIsVisible = 0;
		};
/* End XCConfigurationList section */
	};
	rootObject = 04C3E0571B0B3531008C4920 /* Project object */;
}
